
Microsoft Visual Studio Solution File, Format Version 12.00
# Visual Studio Version 17
VisualStudioVersion = 17.0.31903.59
MinimumVisualStudioVersion = 10.0.40219.1
Project("{9A19103F-16F7-4668-BE54-9A1E7A4F7556}") = "UCR.ECCI.IS.TECH_EVALUATION.Presentation.Api", "Presentation.Api\UCR.ECCI.IS.TECH_EVALUATION.Presentation.Api.csproj", "{CF30F296-7013-4DF3-B400-6C5BF9347D5E}"
EndProject
Project("{2150E333-8FDC-42A3-9474-1A3956D46DE8}") = "Backend", "Backend", "{70E24D0D-E22D-421A-86A1-429244775FCB}"
EndProject
Project("{2150E333-8FDC-42A3-9474-1A3956D46DE8}") = "Shared", "Shared", "{A8D9A357-35C0-4D02-9E74-23B4D066D1AB}"
EndProject
Project("{9A19103F-16F7-4668-BE54-9A1E7A4F7556}") = "UCR.ECCI.IS.TECH_EVALUATION_1.Domain", "Domain\UCR.ECCI.IS.TECH_EVALUATION_1.Domain.csproj", "{A9DE2132-8B97-4492-A749-D40297E257DF}"
EndProject
Project("{9A19103F-16F7-4668-BE54-9A1E7A4F7556}") = "UCR.ECCI.IS.TECH_EVALUATION_1.Infrastructure", "Infrastructure\UCR.ECCI.IS.TECH_EVALUATION_1.Infrastructure.csproj", "{376C328E-12BA-486C-ABF8-70977939CED1}"
EndProject
Project("{9A19103F-16F7-4668-BE54-9A1E7A4F7556}") = "UCR.ECCI.IS.TECH_EVALUATION_1.Application", "Application\UCR.ECCI.IS.TECH_EVALUATION_1.Application.csproj", "{A8399656-CEEB-4E0F-BBBB-27AAD7FF9E9A}"
EndProject
Project("{2150E333-8FDC-42A3-9474-1A3956D46DE8}") = "Frontend", "Frontend", "{06150EF1-4999-4716-9ED7-6C46BB9A8EDA}"
EndProject
Project("{2150E333-8FDC-42A3-9474-1A3956D46DE8}") = "Database", "Database", "{2F74F46D-F954-4ACD-8A71-C3EF6F000E0C}"
EndProject
Project("{9A19103F-16F7-4668-BE54-9A1E7A4F7556}") = "UCR.ECCI.IS.TECH_EVALUATION_1.Infrastructure.ApiClient", "Infrastructure.ApiClient\UCR.ECCI.IS.TECH_EVALUATION_1.Infrastructure.ApiClient.csproj", "{1B7E8EED-FC71-43CE-B0DF-74A623718CF9}"
EndProject
Project("{9A19103F-16F7-4668-BE54-9A1E7A4F7556}") = "UCR.ECCI.IS.TECH_EVALUATION_1.BackendDependencyInjection", "BackendDependencyInjection\UCR.ECCI.IS.TECH_EVALUATION_1.BackendDependencyInjection.csproj", "{23481A20-B876-432A-9447-D898B12C6235}"
EndProject
Project("{9A19103F-16F7-4668-BE54-9A1E7A4F7556}") = "UCR.ECCI.IS.TECH_EVALUATION_1.FrontendDependencyInjection", "FrontendDependencyInjection\UCR.ECCI.IS.TECH_EVALUATION_1.FrontendDependencyInjection.csproj", "{E08738AA-EFF2-40DA-9AF8-56B140C50148}"
EndProject
Project("{9A19103F-16F7-4668-BE54-9A1E7A4F7556}") = "UCR.ECCI.IS.TECH_EVALUATION_1.Presentation.Blazor", "UCR.ECCI.IS.TECH_EVALUATION_1.Presentation.Blazor\UCR.ECCI.IS.TECH_EVALUATION_1.Presentation.Blazor.csproj", "{146C9D92-B7B8-4A7A-89F8-A9F710AB0A93}"
EndProject
Project("{00D1A9C2-B5F0-4AF3-8072-F6C62B433612}") = "DatabaseEvaTech1", "DatabaseEvaTech1\DatabaseEvaTech1.sqlproj", "{7DB0777E-A63C-455E-A20F-0239F4F041A9}"
EndProject
Project("{9A19103F-16F7-4668-BE54-9A1E7A4F7556}") = "UCR.ECCI.IS.TECH_EVALUATION_1.Infrastructure.Tests.Unit", "Infrastructure.Tests.Unit\UCR.ECCI.IS.TECH_EVALUATION_1.Infrastructure.Tests.Unit.csproj", "{941ADA33-97F7-45AC-B428-011B801CC307}"
EndProject
Project("{9A19103F-16F7-4668-BE54-9A1E7A4F7556}") = "UCR.ECCI.IS.TECH_EVALUATION_1.Domain.Tests.Unit", "Domain.Tests.Unit\UCR.ECCI.IS.TECH_EVALUATION_1.Domain.Tests.Unit.csproj", "{D712268F-80A7-4291-B320-60FE22124D27}"
EndProject
Project("{9A19103F-16F7-4668-BE54-9A1E7A4F7556}") = "UCR.ECCI.IS.TECH_EVALUATION_1.Application.Tests.Unit", "Application.Tests.Unit\UCR.ECCI.IS.TECH_EVALUATION_1.Application.Tests.Unit.csproj", "{ED20410A-6CFC-41FD-995E-8F52D5CAC682}"
EndProject
Project("{9A19103F-16F7-4668-BE54-9A1E7A4F7556}") = "UCR.ECCI.IS.TECH_EVALUATION_1.Infrastructure.Tests.Integration", "Infrastructure.Tests.Integration\UCR.ECCI.IS.TECH_EVALUATION_1.Infrastructure.Tests.Integration.csproj", "{273EA729-8718-40C6-8FD5-5719443A7D74}"
EndProject
Project("{FAE04EC0-301F-11D3-BF4B-00C04F79EFBC}") = "UCR.ECCI.IS.TECH_EVALUATION_1.Application.Tests.Integration", "Application.Tests.Integration\UCR.ECCI.IS.TECH_EVALUATION_1.Application.Tests.Integration.csproj", "{D8A73F42-EE4B-4B70-906B-4B361B10BC31}"
EndProject
Global
	GlobalSection(SolutionConfigurationPlatforms) = preSolution
		Debug|Any CPU = Debug|Any CPU
		Release|Any CPU = Release|Any CPU
	EndGlobalSection
	GlobalSection(ProjectConfigurationPlatforms) = postSolution
		{CF30F296-7013-4DF3-B400-6C5BF9347D5E}.Debug|Any CPU.ActiveCfg = Debug|Any CPU
		{CF30F296-7013-4DF3-B400-6C5BF9347D5E}.Debug|Any CPU.Build.0 = Debug|Any CPU
		{CF30F296-7013-4DF3-B400-6C5BF9347D5E}.Release|Any CPU.ActiveCfg = Release|Any CPU
		{CF30F296-7013-4DF3-B400-6C5BF9347D5E}.Release|Any CPU.Build.0 = Release|Any CPU
		{A9DE2132-8B97-4492-A749-D40297E257DF}.Debug|Any CPU.ActiveCfg = Debug|Any CPU
		{A9DE2132-8B97-4492-A749-D40297E257DF}.Debug|Any CPU.Build.0 = Debug|Any CPU
		{A9DE2132-8B97-4492-A749-D40297E257DF}.Release|Any CPU.ActiveCfg = Release|Any CPU
		{A9DE2132-8B97-4492-A749-D40297E257DF}.Release|Any CPU.Build.0 = Release|Any CPU
		{376C328E-12BA-486C-ABF8-70977939CED1}.Debug|Any CPU.ActiveCfg = Debug|Any CPU
		{376C328E-12BA-486C-ABF8-70977939CED1}.Debug|Any CPU.Build.0 = Debug|Any CPU
		{376C328E-12BA-486C-ABF8-70977939CED1}.Release|Any CPU.ActiveCfg = Release|Any CPU
		{376C328E-12BA-486C-ABF8-70977939CED1}.Release|Any CPU.Build.0 = Release|Any CPU
		{A8399656-CEEB-4E0F-BBBB-27AAD7FF9E9A}.Debug|Any CPU.ActiveCfg = Debug|Any CPU
		{A8399656-CEEB-4E0F-BBBB-27AAD7FF9E9A}.Debug|Any CPU.Build.0 = Debug|Any CPU
		{A8399656-CEEB-4E0F-BBBB-27AAD7FF9E9A}.Release|Any CPU.ActiveCfg = Release|Any CPU
		{A8399656-CEEB-4E0F-BBBB-27AAD7FF9E9A}.Release|Any CPU.Build.0 = Release|Any CPU
		{1B7E8EED-FC71-43CE-B0DF-74A623718CF9}.Debug|Any CPU.ActiveCfg = Debug|Any CPU
		{1B7E8EED-FC71-43CE-B0DF-74A623718CF9}.Debug|Any CPU.Build.0 = Debug|Any CPU
		{1B7E8EED-FC71-43CE-B0DF-74A623718CF9}.Release|Any CPU.ActiveCfg = Release|Any CPU
		{1B7E8EED-FC71-43CE-B0DF-74A623718CF9}.Release|Any CPU.Build.0 = Release|Any CPU
		{23481A20-B876-432A-9447-D898B12C6235}.Debug|Any CPU.ActiveCfg = Debug|Any CPU
		{23481A20-B876-432A-9447-D898B12C6235}.Debug|Any CPU.Build.0 = Debug|Any CPU
		{23481A20-B876-432A-9447-D898B12C6235}.Release|Any CPU.ActiveCfg = Release|Any CPU
		{23481A20-B876-432A-9447-D898B12C6235}.Release|Any CPU.Build.0 = Release|Any CPU
		{E08738AA-EFF2-40DA-9AF8-56B140C50148}.Debug|Any CPU.ActiveCfg = Debug|Any CPU
		{E08738AA-EFF2-40DA-9AF8-56B140C50148}.Debug|Any CPU.Build.0 = Debug|Any CPU
		{E08738AA-EFF2-40DA-9AF8-56B140C50148}.Release|Any CPU.ActiveCfg = Release|Any CPU
		{E08738AA-EFF2-40DA-9AF8-56B140C50148}.Release|Any CPU.Build.0 = Release|Any CPU
		{146C9D92-B7B8-4A7A-89F8-A9F710AB0A93}.Debug|Any CPU.ActiveCfg = Debug|Any CPU
		{146C9D92-B7B8-4A7A-89F8-A9F710AB0A93}.Debug|Any CPU.Build.0 = Debug|Any CPU
		{146C9D92-B7B8-4A7A-89F8-A9F710AB0A93}.Release|Any CPU.ActiveCfg = Release|Any CPU
		{146C9D92-B7B8-4A7A-89F8-A9F710AB0A93}.Release|Any CPU.Build.0 = Release|Any CPU
		{7DB0777E-A63C-455E-A20F-0239F4F041A9}.Debug|Any CPU.ActiveCfg = Debug|Any CPU
		{7DB0777E-A63C-455E-A20F-0239F4F041A9}.Debug|Any CPU.Build.0 = Debug|Any CPU
		{7DB0777E-A63C-455E-A20F-0239F4F041A9}.Debug|Any CPU.Deploy.0 = Debug|Any CPU
		{7DB0777E-A63C-455E-A20F-0239F4F041A9}.Release|Any CPU.ActiveCfg = Release|Any CPU
		{7DB0777E-A63C-455E-A20F-0239F4F041A9}.Release|Any CPU.Build.0 = Release|Any CPU
		{7DB0777E-A63C-455E-A20F-0239F4F041A9}.Release|Any CPU.Deploy.0 = Release|Any CPU
		{941ADA33-97F7-45AC-B428-011B801CC307}.Debug|Any CPU.ActiveCfg = Debug|Any CPU
		{941ADA33-97F7-45AC-B428-011B801CC307}.Debug|Any CPU.Build.0 = Debug|Any CPU
		{941ADA33-97F7-45AC-B428-011B801CC307}.Release|Any CPU.ActiveCfg = Release|Any CPU
		{941ADA33-97F7-45AC-B428-011B801CC307}.Release|Any CPU.Build.0 = Release|Any CPU
		{D712268F-80A7-4291-B320-60FE22124D27}.Debug|Any CPU.ActiveCfg = Debug|Any CPU
		{D712268F-80A7-4291-B320-60FE22124D27}.Debug|Any CPU.Build.0 = Debug|Any CPU
		{D712268F-80A7-4291-B320-60FE22124D27}.Release|Any CPU.ActiveCfg = Release|Any CPU
		{D712268F-80A7-4291-B320-60FE22124D27}.Release|Any CPU.Build.0 = Release|Any CPU
		{ED20410A-6CFC-41FD-995E-8F52D5CAC682}.Debug|Any CPU.ActiveCfg = Debug|Any CPU
		{ED20410A-6CFC-41FD-995E-8F52D5CAC682}.Debug|Any CPU.Build.0 = Debug|Any CPU
		{ED20410A-6CFC-41FD-995E-8F52D5CAC682}.Release|Any CPU.ActiveCfg = Release|Any CPU
		{ED20410A-6CFC-41FD-995E-8F52D5CAC682}.Release|Any CPU.Build.0 = Release|Any CPU
		{273EA729-8718-40C6-8FD5-5719443A7D74}.Debug|Any CPU.ActiveCfg = Debug|Any CPU
		{273EA729-8718-40C6-8FD5-5719443A7D74}.Debug|Any CPU.Build.0 = Debug|Any CPU
		{273EA729-8718-40C6-8FD5-5719443A7D74}.Release|Any CPU.ActiveCfg = Release|Any CPU
		{273EA729-8718-40C6-8FD5-5719443A7D74}.Release|Any CPU.Build.0 = Release|Any CPU
		{D8A73F42-EE4B-4B70-906B-4B361B10BC31}.Debug|Any CPU.ActiveCfg = Debug|Any CPU
		{D8A73F42-EE4B-4B70-906B-4B361B10BC31}.Debug|Any CPU.Build.0 = Debug|Any CPU
		{D8A73F42-EE4B-4B70-906B-4B361B10BC31}.Release|Any CPU.ActiveCfg = Release|Any CPU
		{D8A73F42-EE4B-4B70-906B-4B361B10BC31}.Release|Any CPU.Build.0 = Release|Any CPU
	EndGlobalSection
	GlobalSection(SolutionProperties) = preSolution
		HideSolutionNode = FALSE
	EndGlobalSection
	GlobalSection(NestedProjects) = preSolution
		{CF30F296-7013-4DF3-B400-6C5BF9347D5E} = {70E24D0D-E22D-421A-86A1-429244775FCB}
		{A9DE2132-8B97-4492-A749-D40297E257DF} = {A8D9A357-35C0-4D02-9E74-23B4D066D1AB}
		{376C328E-12BA-486C-ABF8-70977939CED1} = {70E24D0D-E22D-421A-86A1-429244775FCB}
		{A8399656-CEEB-4E0F-BBBB-27AAD7FF9E9A} = {A8D9A357-35C0-4D02-9E74-23B4D066D1AB}
		{1B7E8EED-FC71-43CE-B0DF-74A623718CF9} = {06150EF1-4999-4716-9ED7-6C46BB9A8EDA}
		{23481A20-B876-432A-9447-D898B12C6235} = {70E24D0D-E22D-421A-86A1-429244775FCB}
		{E08738AA-EFF2-40DA-9AF8-56B140C50148} = {06150EF1-4999-4716-9ED7-6C46BB9A8EDA}
		{146C9D92-B7B8-4A7A-89F8-A9F710AB0A93} = {06150EF1-4999-4716-9ED7-6C46BB9A8EDA}
		{7DB0777E-A63C-455E-A20F-0239F4F041A9} = {2F74F46D-F954-4ACD-8A71-C3EF6F000E0C}
		{941ADA33-97F7-45AC-B428-011B801CC307} = {70E24D0D-E22D-421A-86A1-429244775FCB}
		{D712268F-80A7-4291-B320-60FE22124D27} = {A8D9A357-35C0-4D02-9E74-23B4D066D1AB}
		{ED20410A-6CFC-41FD-995E-8F52D5CAC682} = {A8D9A357-35C0-4D02-9E74-23B4D066D1AB}
		{273EA729-8718-40C6-8FD5-5719443A7D74} = {70E24D0D-E22D-421A-86A1-429244775FCB}
		{D8A73F42-EE4B-4B70-906B-4B361B10BC31} = {A8D9A357-35C0-4D02-9E74-23B4D066D1AB}
	EndGlobalSection
	GlobalSection(ExtensibilityGlobals) = postSolution
		SolutionGuid = {3DC51D8E-2B8F-4968-BD43-95C63C16E7E7}
	EndGlobalSection
EndGlobal
